// !$*UTF8*$!
{
	archiveVersion = 1;
	classes = {
	};
	objectVersion = 50;
	objects = {

/* Begin PBXBuildFile section */
		8DCBD19A25DCED630083A61B /* AfricaApp.swift in Sources */ = {isa = PBXBuildFile; fileRef = 8DCBD19925DCED630083A61B /* AfricaApp.swift */; };
		8DCBD19C25DCED630083A61B /* ContentView.swift in Sources */ = {isa = PBXBuildFile; fileRef = 8DCBD19B25DCED630083A61B /* ContentView.swift */; };
		8DCBD19E25DCED640083A61B /* Assets.xcassets in Resources */ = {isa = PBXBuildFile; fileRef = 8DCBD19D25DCED640083A61B /* Assets.xcassets */; };
		8DCBD1A125DCED640083A61B /* Preview Assets.xcassets in Resources */ = {isa = PBXBuildFile; fileRef = 8DCBD1A025DCED640083A61B /* Preview Assets.xcassets */; };
		8DCBD1B425DCEF5A0083A61B /* lion.mp4 in Resources */ = {isa = PBXBuildFile; fileRef = 8DCBD1AA25DCEF570083A61B /* lion.mp4 */; };
		8DCBD1B525DCEF5A0083A61B /* lioness.mp4 in Resources */ = {isa = PBXBuildFile; fileRef = 8DCBD1AB25DCEF570083A61B /* lioness.mp4 */; };
		8DCBD1B625DCEF5A0083A61B /* ostrich.mp4 in Resources */ = {isa = PBXBuildFile; fileRef = 8DCBD1AC25DCEF570083A61B /* ostrich.mp4 */; };
		8DCBD1B725DCEF5A0083A61B /* zebra.mp4 in Resources */ = {isa = PBXBuildFile; fileRef = 8DCBD1AD25DCEF580083A61B /* zebra.mp4 */; };
		8DCBD1B825DCEF5A0083A61B /* gorilla.mp4 in Resources */ = {isa = PBXBuildFile; fileRef = 8DCBD1AE25DCEF580083A61B /* gorilla.mp4 */; };
		8DCBD1B925DCEF5A0083A61B /* elephant.mp4 in Resources */ = {isa = PBXBuildFile; fileRef = 8DCBD1AF25DCEF580083A61B /* elephant.mp4 */; };
		8DCBD1BA25DCEF5A0083A61B /* hippo.mp4 in Resources */ = {isa = PBXBuildFile; fileRef = 8DCBD1B025DCEF590083A61B /* hippo.mp4 */; };
		8DCBD1BB25DCEF5A0083A61B /* giraffe.mp4 in Resources */ = {isa = PBXBuildFile; fileRef = 8DCBD1B125DCEF590083A61B /* giraffe.mp4 */; };
		8DCBD1BC25DCEF5A0083A61B /* cheetah.mp4 in Resources */ = {isa = PBXBuildFile; fileRef = 8DCBD1B225DCEF590083A61B /* cheetah.mp4 */; };
		8DCBD1BD25DCEF5A0083A61B /* rhino.mp4 in Resources */ = {isa = PBXBuildFile; fileRef = 8DCBD1B325DCEF5A0083A61B /* rhino.mp4 */; };
		8DCBD1C425DCEF9C0083A61B /* animals.json in Resources */ = {isa = PBXBuildFile; fileRef = 8DCBD1C025DCEF9C0083A61B /* animals.json */; };
		8DCBD1C525DCEF9C0083A61B /* videos.json in Resources */ = {isa = PBXBuildFile; fileRef = 8DCBD1C125DCEF9C0083A61B /* videos.json */; };
		8DCBD1C625DCEF9C0083A61B /* covers.json in Resources */ = {isa = PBXBuildFile; fileRef = 8DCBD1C225DCEF9C0083A61B /* covers.json */; };
		8DCBD1C725DCEF9C0083A61B /* locations.json in Resources */ = {isa = PBXBuildFile; fileRef = 8DCBD1C325DCEF9C0083A61B /* locations.json */; };
		8DCBD1CE25DCF2830083A61B /* VideoListView.swift in Sources */ = {isa = PBXBuildFile; fileRef = 8DCBD1CD25DCF2830083A61B /* VideoListView.swift */; };
		8DCBD1D125DCF2A50083A61B /* MapView.swift in Sources */ = {isa = PBXBuildFile; fileRef = 8DCBD1D025DCF2A50083A61B /* MapView.swift */; };
		8DCBD1D425DCF2B60083A61B /* GalleryView.swift in Sources */ = {isa = PBXBuildFile; fileRef = 8DCBD1D325DCF2B60083A61B /* GalleryView.swift */; };
		8DCBD1D725DCF2C70083A61B /* MainView.swift in Sources */ = {isa = PBXBuildFile; fileRef = 8DCBD1D625DCF2C70083A61B /* MainView.swift */; };
/* End PBXBuildFile section */

/* Begin PBXFileReference section */
		8DCBD19625DCED630083A61B /* Africa.app */ = {isa = PBXFileReference; explicitFileType = wrapper.application; includeInIndex = 0; path = Africa.app; sourceTree = BUILT_PRODUCTS_DIR; };
		8DCBD19925DCED630083A61B /* AfricaApp.swift */ = {isa = PBXFileReference; lastKnownFileType = sourcecode.swift; path = AfricaApp.swift; sourceTree = "<group>"; };
		8DCBD19B25DCED630083A61B /* ContentView.swift */ = {isa = PBXFileReference; lastKnownFileType = sourcecode.swift; path = ContentView.swift; sourceTree = "<group>"; };
		8DCBD19D25DCED640083A61B /* Assets.xcassets */ = {isa = PBXFileReference; lastKnownFileType = folder.assetcatalog; path = Assets.xcassets; sourceTree = "<group>"; };
		8DCBD1A025DCED640083A61B /* Preview Assets.xcassets */ = {isa = PBXFileReference; lastKnownFileType = folder.assetcatalog; path = "Preview Assets.xcassets"; sourceTree = "<group>"; };
		8DCBD1A225DCED640083A61B /* Info.plist */ = {isa = PBXFileReference; lastKnownFileType = text.plist.xml; path = Info.plist; sourceTree = "<group>"; };
		8DCBD1AA25DCEF570083A61B /* lion.mp4 */ = {isa = PBXFileReference; lastKnownFileType = file; path = lion.mp4; sourceTree = "<group>"; };
		8DCBD1AB25DCEF570083A61B /* lioness.mp4 */ = {isa = PBXFileReference; lastKnownFileType = file; path = lioness.mp4; sourceTree = "<group>"; };
		8DCBD1AC25DCEF570083A61B /* ostrich.mp4 */ = {isa = PBXFileReference; lastKnownFileType = file; path = ostrich.mp4; sourceTree = "<group>"; };
		8DCBD1AD25DCEF580083A61B /* zebra.mp4 */ = {isa = PBXFileReference; lastKnownFileType = file; path = zebra.mp4; sourceTree = "<group>"; };
		8DCBD1AE25DCEF580083A61B /* gorilla.mp4 */ = {isa = PBXFileReference; lastKnownFileType = file; path = gorilla.mp4; sourceTree = "<group>"; };
		8DCBD1AF25DCEF580083A61B /* elephant.mp4 */ = {isa = PBXFileReference; lastKnownFileType = file; path = elephant.mp4; sourceTree = "<group>"; };
		8DCBD1B025DCEF590083A61B /* hippo.mp4 */ = {isa = PBXFileReference; lastKnownFileType = file; path = hippo.mp4; sourceTree = "<group>"; };
		8DCBD1B125DCEF590083A61B /* giraffe.mp4 */ = {isa = PBXFileReference; lastKnownFileType = file; path = giraffe.mp4; sourceTree = "<group>"; };
		8DCBD1B225DCEF590083A61B /* cheetah.mp4 */ = {isa = PBXFileReference; lastKnownFileType = file; path = cheetah.mp4; sourceTree = "<group>"; };
		8DCBD1B325DCEF5A0083A61B /* rhino.mp4 */ = {isa = PBXFileReference; lastKnownFileType = file; path = rhino.mp4; sourceTree = "<group>"; };
		8DCBD1C025DCEF9C0083A61B /* animals.json */ = {isa = PBXFileReference; fileEncoding = 4; lastKnownFileType = text.json; path = animals.json; sourceTree = "<group>"; };
		8DCBD1C125DCEF9C0083A61B /* videos.json */ = {isa = PBXFileReference; fileEncoding = 4; lastKnownFileType = text.json; path = videos.json; sourceTree = "<group>"; };
		8DCBD1C225DCEF9C0083A61B /* covers.json */ = {isa = PBXFileReference; fileEncoding = 4; lastKnownFileType = text.json; path = covers.json; sourceTree = "<group>"; };
		8DCBD1C325DCEF9C0083A61B /* locations.json */ = {isa = PBXFileReference; fileEncoding = 4; lastKnownFileType = text.json; path = locations.json; sourceTree = "<group>"; };
		8DCBD1CD25DCF2830083A61B /* VideoListView.swift */ = {isa = PBXFileReference; lastKnownFileType = sourcecode.swift; path = VideoListView.swift; sourceTree = "<group>"; };
		8DCBD1D025DCF2A50083A61B /* MapView.swift */ = {isa = PBXFileReference; lastKnownFileType = sourcecode.swift; path = MapView.swift; sourceTree = "<group>"; };
		8DCBD1D325DCF2B60083A61B /* GalleryView.swift */ = {isa = PBXFileReference; lastKnownFileType = sourcecode.swift; path = GalleryView.swift; sourceTree = "<group>"; };
		8DCBD1D625DCF2C70083A61B /* MainView.swift */ = {isa = PBXFileReference; lastKnownFileType = sourcecode.swift; path = MainView.swift; sourceTree = "<group>"; };
/* End PBXFileReference section */

/* Begin PBXFrameworksBuildPhase section */
		8DCBD19325DCED630083A61B /* Frameworks */ = {
			isa = PBXFrameworksBuildPhase;
			buildActionMask = 2147483647;
			files = (
			);
			runOnlyForDeploymentPostprocessing = 0;
		};
/* End PBXFrameworksBuildPhase section */

/* Begin PBXGroup section */
		8DCBD18D25DCED630083A61B = {
			isa = PBXGroup;
			children = (
				8DCBD19825DCED630083A61B /* Africa */,
				8DCBD19725DCED630083A61B /* Products */,
			);
			sourceTree = "<group>";
		};
		8DCBD19725DCED630083A61B /* Products */ = {
			isa = PBXGroup;
			children = (
				8DCBD19625DCED630083A61B /* Africa.app */,
			);
			name = Products;
			sourceTree = "<group>";
		};
		8DCBD19825DCED630083A61B /* Africa */ = {
			isa = PBXGroup;
			children = (
				8DCBD1BF25DCEF8F0083A61B /* Data */,
				8DCBD1A925DCEF390083A61B /* Video */,
				8DCBD1CB25DCF2450083A61B /* App */,
				8DCBD19D25DCED640083A61B /* Assets.xcassets */,
				8DCBD1A225DCED640083A61B /* Info.plist */,
				8DCBD19F25DCED640083A61B /* Preview Content */,
			);
			path = Africa;
			sourceTree = "<group>";
		};
		8DCBD19F25DCED640083A61B /* Preview Content */ = {
			isa = PBXGroup;
			children = (
				8DCBD1A025DCED640083A61B /* Preview Assets.xcassets */,
			);
			path = "Preview Content";
			sourceTree = "<group>";
		};
		8DCBD1A925DCEF390083A61B /* Video */ = {
			isa = PBXGroup;
			children = (
				8DCBD1B225DCEF590083A61B /* cheetah.mp4 */,
				8DCBD1AF25DCEF580083A61B /* elephant.mp4 */,
				8DCBD1B125DCEF590083A61B /* giraffe.mp4 */,
				8DCBD1AE25DCEF580083A61B /* gorilla.mp4 */,
				8DCBD1B025DCEF590083A61B /* hippo.mp4 */,
				8DCBD1AA25DCEF570083A61B /* lion.mp4 */,
				8DCBD1AB25DCEF570083A61B /* lioness.mp4 */,
				8DCBD1AC25DCEF570083A61B /* ostrich.mp4 */,
				8DCBD1B325DCEF5A0083A61B /* rhino.mp4 */,
				8DCBD1AD25DCEF580083A61B /* zebra.mp4 */,
			);
			path = Video;
			sourceTree = "<group>";
		};
		8DCBD1BF25DCEF8F0083A61B /* Data */ = {
			isa = PBXGroup;
			children = (
				8DCBD1C025DCEF9C0083A61B /* animals.json */,
				8DCBD1C225DCEF9C0083A61B /* covers.json */,
				8DCBD1C325DCEF9C0083A61B /* locations.json */,
				8DCBD1C125DCEF9C0083A61B /* videos.json */,
			);
			path = Data;
			sourceTree = "<group>";
		};
		8DCBD1CB25DCF2450083A61B /* App */ = {
			isa = PBXGroup;
			children = (
				8DCBD19925DCED630083A61B /* AfricaApp.swift */,
				8DCBD19B25DCED630083A61B /* ContentView.swift */,
				8DCBD1CD25DCF2830083A61B /* VideoListView.swift */,
				8DCBD1D025DCF2A50083A61B /* MapView.swift */,
				8DCBD1D325DCF2B60083A61B /* GalleryView.swift */,
				8DCBD1D625DCF2C70083A61B /* MainView.swift */,
			);
			path = App;
			sourceTree = "<group>";
		};
/* End PBXGroup section */

/* Begin PBXNativeTarget section */
		8DCBD19525DCED630083A61B /* Africa */ = {
			isa = PBXNativeTarget;
			buildConfigurationList = 8DCBD1A525DCED640083A61B /* Build configuration list for PBXNativeTarget "Africa" */;
			buildPhases = (
				8DCBD19225DCED630083A61B /* Sources */,
				8DCBD19325DCED630083A61B /* Frameworks */,
				8DCBD19425DCED630083A61B /* Resources */,
			);
			buildRules = (
			);
			dependencies = (
			);
			name = Africa;
			productName = Africa;
			productReference = 8DCBD19625DCED630083A61B /* Africa.app */;
			productType = "com.apple.product-type.application";
		};
/* End PBXNativeTarget section */

/* Begin PBXProject section */
		8DCBD18E25DCED630083A61B /* Project object */ = {
			isa = PBXProject;
			attributes = {
				LastSwiftUpdateCheck = 1240;
				LastUpgradeCheck = 1240;
				TargetAttributes = {
					8DCBD19525DCED630083A61B = {
						CreatedOnToolsVersion = 12.4;
					};
				};
			};
			buildConfigurationList = 8DCBD19125DCED630083A61B /* Build configuration list for PBXProject "Africa" */;
			compatibilityVersion = "Xcode 9.3";
			developmentRegion = en;
			hasScannedForEncodings = 0;
			knownRegions = (
				en,
				Base,
			);
			mainGroup = 8DCBD18D25DCED630083A61B;
			productRefGroup = 8DCBD19725DCED630083A61B /* Products */;
			projectDirPath = "";
			projectRoot = "";
			targets = (
				8DCBD19525DCED630083A61B /* Africa */,
			);
		};
/* End PBXProject section */

/* Begin PBXResourcesBuildPhase section */
		8DCBD19425DCED630083A61B /* Resources */ = {
			isa = PBXResourcesBuildPhase;
			buildActionMask = 2147483647;
			files = (
				8DCBD1BD25DCEF5A0083A61B /* rhino.mp4 in Resources */,
				8DCBD1A125DCED640083A61B /* Preview Assets.xcassets in Resources */,
				8DCBD1C725DCEF9C0083A61B /* locations.json in Resources */,
				8DCBD1BA25DCEF5A0083A61B /* hippo.mp4 in Resources */,
				8DCBD1C525DCEF9C0083A61B /* videos.json in Resources */,
				8DCBD1B425DCEF5A0083A61B /* lion.mp4 in Resources */,
				8DCBD19E25DCED640083A61B /* Assets.xcassets in Resources */,
				8DCBD1BB25DCEF5A0083A61B /* giraffe.mp4 in Resources */,
				8DCBD1B825DCEF5A0083A61B /* gorilla.mp4 in Resources */,
				8DCBD1C425DCEF9C0083A61B /* animals.json in Resources */,
				8DCBD1B925DCEF5A0083A61B /* elephant.mp4 in Resources */,
				8DCBD1C625DCEF9C0083A61B /* covers.json in Resources */,
				8DCBD1B625DCEF5A0083A61B /* ostrich.mp4 in Resources */,
				8DCBD1B725DCEF5A0083A61B /* zebra.mp4 in Resources */,
				8DCBD1B525DCEF5A0083A61B /* lioness.mp4 in Resources */,
				8DCBD1BC25DCEF5A0083A61B /* cheetah.mp4 in Resources */,
			);
			runOnlyForDeploymentPostprocessing = 0;
		};
/* End PBXResourcesBuildPhase section */

/* Begin PBXSourcesBuildPhase section */
		8DCBD19225DCED630083A61B /* Sources */ = {
			isa = PBXSourcesBuildPhase;
			buildActionMask = 2147483647;
			files = (
				8DCBD19C25DCED630083A61B /* ContentView.swift in Sources */,
				8DCBD1D725DCF2C70083A61B /* MainView.swift in Sources */,
				8DCBD1D125DCF2A50083A61B /* MapView.swift in Sources */,
				8DCBD19A25DCED630083A61B /* AfricaApp.swift in Sources */,
				8DCBD1CE25DCF2830083A61B /* VideoListView.swift in Sources */,
				8DCBD1D425DCF2B60083A61B /* GalleryView.swift in Sources */,
			);
			runOnlyForDeploymentPostprocessing = 0;
		};
/* End PBXSourcesBuildPhase section */

/* Begin XCBuildConfiguration section */
		8DCBD1A325DCED640083A61B /* Debug */ = {
			isa = XCBuildConfiguration;
			buildSettings = {
				ALWAYS_SEARCH_USER_PATHS = NO;
				CLANG_ANALYZER_NONNULL = YES;
				CLANG_ANALYZER_NUMBER_OBJECT_CONVERSION = YES_AGGRESSIVE;
				CLANG_CXX_LANGUAGE_STANDARD = "gnu++14";
				CLANG_CXX_LIBRARY = "libc++";
				CLANG_ENABLE_MODULES = YES;
				CLANG_ENABLE_OBJC_ARC = YES;
				CLANG_ENABLE_OBJC_WEAK = YES;
				CLANG_WARN_BLOCK_CAPTURE_AUTORELEASING = YES;
				CLANG_WARN_BOOL_CONVERSION = YES;
				CLANG_WARN_COMMA = YES;
				CLANG_WARN_CONSTANT_CONVERSION = YES;
				CLANG_WARN_DEPRECATED_OBJC_IMPLEMENTATIONS = YES;
				CLANG_WARN_DIRECT_OBJC_ISA_USAGE = YES_ERROR;
				CLANG_WARN_DOCUMENTATION_COMMENTS = YES;
				CLANG_WARN_EMPTY_BODY = YES;
				CLANG_WARN_ENUM_CONVERSION = YES;
				CLANG_WARN_INFINITE_RECURSION = YES;
				CLANG_WARN_INT_CONVERSION = YES;
				CLANG_WARN_NON_LITERAL_NULL_CONVERSION = YES;
				CLANG_WARN_OBJC_IMPLICIT_RETAIN_SELF = YES;
				CLANG_WARN_OBJC_LITERAL_CONVERSION = YES;
				CLANG_WARN_OBJC_ROOT_CLASS = YES_ERROR;
				CLANG_WARN_QUOTED_INCLUDE_IN_FRAMEWORK_HEADER = YES;
				CLANG_WARN_RANGE_LOOP_ANALYSIS = YES;
				CLANG_WARN_STRICT_PROTOTYPES = YES;
				CLANG_WARN_SUSPICIOUS_MOVE = YES;
				CLANG_WARN_UNGUARDED_AVAILABILITY = YES_AGGRESSIVE;
				CLANG_WARN_UNREACHABLE_CODE = YES;
				CLANG_WARN__DUPLICATE_METHOD_MATCH = YES;
				COPY_PHASE_STRIP = NO;
				DEBUG_INFORMATION_FORMAT = dwarf;
				ENABLE_STRICT_OBJC_MSGSEND = YES;
				ENABLE_TESTABILITY = YES;
				GCC_C_LANGUAGE_STANDARD = gnu11;
				GCC_DYNAMIC_NO_PIC = NO;
				GCC_NO_COMMON_BLOCKS = YES;
				GCC_OPTIMIZATION_LEVEL = 0;
				GCC_PREPROCESSOR_DEFINITIONS = (
					"DEBUG=1",
					"$(inherited)",
				);
				GCC_WARN_64_TO_32_BIT_CONVERSION = YES;
				GCC_WARN_ABOUT_RETURN_TYPE = YES_ERROR;
				GCC_WARN_UNDECLARED_SELECTOR = YES;
				GCC_WARN_UNINITIALIZED_AUTOS = YES_AGGRESSIVE;
				GCC_WARN_UNUSED_FUNCTION = YES;
				GCC_WARN_UNUSED_VARIABLE = YES;
				IPHONEOS_DEPLOYMENT_TARGET = 14.4;
				MTL_ENABLE_DEBUG_INFO = INCLUDE_SOURCE;
				MTL_FAST_MATH = YES;
				ONLY_ACTIVE_ARCH = YES;
				SDKROOT = iphoneos;
				SWIFT_ACTIVE_COMPILATION_CONDITIONS = DEBUG;
				SWIFT_OPTIMIZATION_LEVEL = "-Onone";
			};
			name = Debug;
		};
		8DCBD1A425DCED640083A61B /* Release */ = {
			isa = XCBuildConfiguration;
			buildSettings = {
				ALWAYS_SEARCH_USER_PATHS = NO;
				CLANG_ANALYZER_NONNULL = YES;
				CLANG_ANALYZER_NUMBER_OBJECT_CONVERSION = YES_AGGRESSIVE;
				CLANG_CXX_LANGUAGE_STANDARD = "gnu++14";
				CLANG_CXX_LIBRARY = "libc++";
				CLANG_ENABLE_MODULES = YES;
				CLANG_ENABLE_OBJC_ARC = YES;
				CLANG_ENABLE_OBJC_WEAK = YES;
				CLANG_WARN_BLOCK_CAPTURE_AUTORELEASING = YES;
				CLANG_WARN_BOOL_CONVERSION = YES;
				CLANG_WARN_COMMA = YES;
				CLANG_WARN_CONSTANT_CONVERSION = YES;
				CLANG_WARN_DEPRECATED_OBJC_IMPLEMENTATIONS = YES;
				CLANG_WARN_DIRECT_OBJC_ISA_USAGE = YES_ERROR;
				CLANG_WARN_DOCUMENTATION_COMMENTS = YES;
				CLANG_WARN_EMPTY_BODY = YES;
				CLANG_WARN_ENUM_CONVERSION = YES;
				CLANG_WARN_INFINITE_RECURSION = YES;
				CLANG_WARN_INT_CONVERSION = YES;
				CLANG_WARN_NON_LITERAL_NULL_CONVERSION = YES;
				CLANG_WARN_OBJC_IMPLICIT_RETAIN_SELF = YES;
				CLANG_WARN_OBJC_LITERAL_CONVERSION = YES;
				CLANG_WARN_OBJC_ROOT_CLASS = YES_ERROR;
				CLANG_WARN_QUOTED_INCLUDE_IN_FRAMEWORK_HEADER = YES;
				CLANG_WARN_RANGE_LOOP_ANALYSIS = YES;
				CLANG_WARN_STRICT_PROTOTYPES = YES;
				CLANG_WARN_SUSPICIOUS_MOVE = YES;
				CLANG_WARN_UNGUARDED_AVAILABILITY = YES_AGGRESSIVE;
				CLANG_WARN_UNREACHABLE_CODE = YES;
				CLANG_WARN__DUPLICATE_METHOD_MATCH = YES;
				COPY_PHASE_STRIP = NO;
				DEBUG_INFORMATION_FORMAT = "dwarf-with-dsym";
				ENABLE_NS_ASSERTIONS = NO;
				ENABLE_STRICT_OBJC_MSGSEND = YES;
				GCC_C_LANGUAGE_STANDARD = gnu11;
				GCC_NO_COMMON_BLOCKS = YES;
				GCC_WARN_64_TO_32_BIT_CONVERSION = YES;
				GCC_WARN_ABOUT_RETURN_TYPE = YES_ERROR;
				GCC_WARN_UNDECLARED_SELECTOR = YES;
				GCC_WARN_UNINITIALIZED_AUTOS = YES_AGGRESSIVE;
				GCC_WARN_UNUSED_FUNCTION = YES;
				GCC_WARN_UNUSED_VARIABLE = YES;
				IPHONEOS_DEPLOYMENT_TARGET = 14.4;
				MTL_ENABLE_DEBUG_INFO = NO;
				MTL_FAST_MATH = YES;
				SDKROOT = iphoneos;
				SWIFT_COMPILATION_MODE = wholemodule;
				SWIFT_OPTIMIZATION_LEVEL = "-O";
				VALIDATE_PRODUCT = YES;
			};
			name = Release;
		};
		8DCBD1A625DCED640083A61B /* Debug */ = {
			isa = XCBuildConfiguration;
			buildSettings = {
				ASSETCATALOG_COMPILER_APPICON_NAME = AppIcon;
				ASSETCATALOG_COMPILER_GLOBAL_ACCENT_COLOR_NAME = AccentColor;
				CODE_SIGN_STYLE = Automatic;
				DEVELOPMENT_ASSET_PATHS = "\"Africa/Preview Content\"";
				DEVELOPMENT_TEAM = KV5A596S79;
				ENABLE_PREVIEWS = YES;
				INFOPLIST_FILE = Africa/Info.plist;
				IPHONEOS_DEPLOYMENT_TARGET = 14.0;
				LD_RUNPATH_SEARCH_PATHS = (
					"$(inherited)",
					"@executable_path/Frameworks",
				);
				PRODUCT_BUNDLE_IDENTIFIER = com.phonthepaungkanukulwit.Africa;
				PRODUCT_NAME = "$(TARGET_NAME)";
				SWIFT_VERSION = 5.0;
				TARGETED_DEVICE_FAMILY = "1,2";
			};
			name = Debug;
		};
		8DCBD1A725DCED640083A61B /* Release */ = {
			isa = XCBuildConfiguration;
			buildSettings = {
				ASSETCATALOG_COMPILER_APPICON_NAME = AppIcon;
				ASSETCATALOG_COMPILER_GLOBAL_ACCENT_COLOR_NAME = AccentColor;
				CODE_SIGN_STYLE = Automatic;
				DEVELOPMENT_ASSET_PATHS = "\"Africa/Preview Content\"";
				DEVELOPMENT_TEAM = KV5A596S79;
				ENABLE_PREVIEWS = YES;
				INFOPLIST_FILE = Africa/Info.plist;
				IPHONEOS_DEPLOYMENT_TARGET = 14.0;
				LD_RUNPATH_SEARCH_PATHS = (
					"$(inherited)",
					"@executable_path/Frameworks",
				);
				PRODUCT_BUNDLE_IDENTIFIER = com.phonthepaungkanukulwit.Africa;
				PRODUCT_NAME = "$(TARGET_NAME)";
				SWIFT_VERSION = 5.0;
				TARGETED_DEVICE_FAMILY = "1,2";
			};
			name = Release;
		};
/* End XCBuildConfiguration section */

/* Begin XCConfigurationList section */
		8DCBD19125DCED630083A61B /* Build configuration list for PBXProject "Africa" */ = {
			isa = XCConfigurationList;
			buildConfigurations = (
				8DCBD1A325DCED640083A61B /* Debug */,
				8DCBD1A425DCED640083A61B /* Release */,
			);
			defaultConfigurationIsVisible = 0;
			defaultConfigurationName = Release;
		};
		8DCBD1A525DCED640083A61B /* Build configuration list for PBXNativeTarget "Africa" */ = {
			isa = XCConfigurationList;
			buildConfigurations = (
				8DCBD1A625DCED640083A61B /* Debug */,
				8DCBD1A725DCED640083A61B /* Release */,
			);
			defaultConfigurationIsVisible = 0;
			defaultConfigurationName = Release;
		};
/* End XCConfigurationList section */
	};
	rootObject = 8DCBD18E25DCED630083A61B /* Project object */;
}
